// !$*UTF8*$!
{
	archiveVersion = 1;
	classes = {
	};
	objectVersion = 46;
	objects = {

/* Begin PBXBuildFile section */
		C11428141E15DBB10029107E /* AppDelegate.swift in Sources */ = {isa = PBXBuildFile; fileRef = C11428131E15DBB10029107E /* AppDelegate.swift */; };
		C11428191E15DBB10029107E /* Main.storyboard in Resources */ = {isa = PBXBuildFile; fileRef = C11428171E15DBB10029107E /* Main.storyboard */; };
		C114281B1E15DBB10029107E /* Assets.xcassets in Resources */ = {isa = PBXBuildFile; fileRef = C114281A1E15DBB10029107E /* Assets.xcassets */; };
		C114281E1E15DBB10029107E /* LaunchScreen.storyboard in Resources */ = {isa = PBXBuildFile; fileRef = C114281C1E15DBB10029107E /* LaunchScreen.storyboard */; };
		C11428291E15DBB10029107E /* CodeChallengeTests.swift in Sources */ = {isa = PBXBuildFile; fileRef = C11428281E15DBB10029107E /* CodeChallengeTests.swift */; };
		C11428671E15EC6F0029107E /* CPDownloader.framework in Frameworks */ = {isa = PBXBuildFile; fileRef = C114285D1E15DC2D0029107E /* CPDownloader.framework */; };
		C114287B1E16BD590029107E /* InstagramImagesTableViewController.swift in Sources */ = {isa = PBXBuildFile; fileRef = C11428791E16BD590029107E /* InstagramImagesTableViewController.swift */; };
		C11428801E16BDBA0029107E /* InstagramTableViewCell.swift in Sources */ = {isa = PBXBuildFile; fileRef = C114287E1E16BDBA0029107E /* InstagramTableViewCell.swift */; };
		C11428811E16BDBA0029107E /* InstagramTableViewCell.xib in Resources */ = {isa = PBXBuildFile; fileRef = C114287F1E16BDBA0029107E /* InstagramTableViewCell.xib */; };
/* End PBXBuildFile section */

/* Begin PBXContainerItemProxy section */
		C11428251E15DBB10029107E /* PBXContainerItemProxy */ = {
			isa = PBXContainerItemProxy;
			containerPortal = C11428081E15DBB10029107E /* Project object */;
			proxyType = 1;
			remoteGlobalIDString = C114280F1E15DBB10029107E;
			remoteInfo = CodeChallenge;
		};
		C114285C1E15DC2D0029107E /* PBXContainerItemProxy */ = {
			isa = PBXContainerItemProxy;
			containerPortal = C11428571E15DC2D0029107E /* CPDownloader.xcodeproj */;
			proxyType = 2;
			remoteGlobalIDString = C114283D1E15DC190029107E;
			remoteInfo = CPDownloader;
		};
		C114285E1E15DC2D0029107E /* PBXContainerItemProxy */ = {
			isa = PBXContainerItemProxy;
			containerPortal = C11428571E15DC2D0029107E /* CPDownloader.xcodeproj */;
			proxyType = 2;
			remoteGlobalIDString = C11428461E15DC190029107E;
			remoteInfo = CPDownloaderTests;
		};
		C11428651E15EC670029107E /* PBXContainerItemProxy */ = {
			isa = PBXContainerItemProxy;
			containerPortal = C11428571E15DC2D0029107E /* CPDownloader.xcodeproj */;
			proxyType = 1;
			remoteGlobalIDString = C114283C1E15DC190029107E;
			remoteInfo = CPDownloader;
		};
/* End PBXContainerItemProxy section */

/* Begin PBXFileReference section */
		C11428101E15DBB10029107E /* CodeChallenge.app */ = {isa = PBXFileReference; explicitFileType = wrapper.application; includeInIndex = 0; path = CodeChallenge.app; sourceTree = BUILT_PRODUCTS_DIR; };
		C11428131E15DBB10029107E /* AppDelegate.swift */ = {isa = PBXFileReference; lastKnownFileType = sourcecode.swift; path = AppDelegate.swift; sourceTree = "<group>"; };
		C11428181E15DBB10029107E /* Base */ = {isa = PBXFileReference; lastKnownFileType = file.storyboard; name = Base; path = Base.lproj/Main.storyboard; sourceTree = "<group>"; };
		C114281A1E15DBB10029107E /* Assets.xcassets */ = {isa = PBXFileReference; lastKnownFileType = folder.assetcatalog; path = Assets.xcassets; sourceTree = "<group>"; };
		C114281D1E15DBB10029107E /* Base */ = {isa = PBXFileReference; lastKnownFileType = file.storyboard; name = Base; path = Base.lproj/LaunchScreen.storyboard; sourceTree = "<group>"; };
		C114281F1E15DBB10029107E /* Info.plist */ = {isa = PBXFileReference; lastKnownFileType = text.plist.xml; path = Info.plist; sourceTree = "<group>"; };
		C11428241E15DBB10029107E /* CodeChallengeTests.xctest */ = {isa = PBXFileReference; explicitFileType = wrapper.cfbundle; includeInIndex = 0; path = CodeChallengeTests.xctest; sourceTree = BUILT_PRODUCTS_DIR; };
		C11428281E15DBB10029107E /* CodeChallengeTests.swift */ = {isa = PBXFileReference; lastKnownFileType = sourcecode.swift; path = CodeChallengeTests.swift; sourceTree = "<group>"; };
		C114282A1E15DBB10029107E /* Info.plist */ = {isa = PBXFileReference; lastKnownFileType = text.plist.xml; path = Info.plist; sourceTree = "<group>"; };
		C11428571E15DC2D0029107E /* CPDownloader.xcodeproj */ = {isa = PBXFileReference; lastKnownFileType = "wrapper.pb-project"; name = CPDownloader.xcodeproj; path = CPDownloader/CPDownloader.xcodeproj; sourceTree = "<group>"; };
		C11428791E16BD590029107E /* InstagramImagesTableViewController.swift */ = {isa = PBXFileReference; fileEncoding = 4; lastKnownFileType = sourcecode.swift; path = InstagramImagesTableViewController.swift; sourceTree = "<group>"; };
		C114287E1E16BDBA0029107E /* InstagramTableViewCell.swift */ = {isa = PBXFileReference; fileEncoding = 4; lastKnownFileType = sourcecode.swift; path = InstagramTableViewCell.swift; sourceTree = "<group>"; };
		C114287F1E16BDBA0029107E /* InstagramTableViewCell.xib */ = {isa = PBXFileReference; fileEncoding = 4; lastKnownFileType = file.xib; path = InstagramTableViewCell.xib; sourceTree = "<group>"; };
/* End PBXFileReference section */

/* Begin PBXFrameworksBuildPhase section */
		C114280D1E15DBB10029107E /* Frameworks */ = {
			isa = PBXFrameworksBuildPhase;
			buildActionMask = 2147483647;
			files = (
				C11428671E15EC6F0029107E /* CPDownloader.framework in Frameworks */,
			);
			runOnlyForDeploymentPostprocessing = 0;
		};
		C11428211E15DBB10029107E /* Frameworks */ = {
			isa = PBXFrameworksBuildPhase;
			buildActionMask = 2147483647;
			files = (
			);
			runOnlyForDeploymentPostprocessing = 0;
		};
/* End PBXFrameworksBuildPhase section */

/* Begin PBXGroup section */
		C11428071E15DBB10029107E = {
			isa = PBXGroup;
			children = (
				C11428571E15DC2D0029107E /* CPDownloader.xcodeproj */,
				C11428121E15DBB10029107E /* CodeChallenge */,
				C11428271E15DBB10029107E /* CodeChallengeTests */,
				C11428111E15DBB10029107E /* Products */,
			);
			sourceTree = "<group>";
		};
		C11428111E15DBB10029107E /* Products */ = {
			isa = PBXGroup;
			children = (
				C11428101E15DBB10029107E /* CodeChallenge.app */,
				C11428241E15DBB10029107E /* CodeChallengeTests.xctest */,
			);
			name = Products;
			sourceTree = "<group>";
		};
		C11428121E15DBB10029107E /* CodeChallenge */ = {
			isa = PBXGroup;
			children = (
				C11428131E15DBB10029107E /* AppDelegate.swift */,
				C11428171E15DBB10029107E /* Main.storyboard */,
				C11428781E16BD590029107E /* InstagramImages */,
				C114281A1E15DBB10029107E /* Assets.xcassets */,
				C114281C1E15DBB10029107E /* LaunchScreen.storyboard */,
				C114281F1E15DBB10029107E /* Info.plist */,
			);
			path = CodeChallenge;
			sourceTree = "<group>";
		};
		C11428271E15DBB10029107E /* CodeChallengeTests */ = {
			isa = PBXGroup;
			children = (
				C11428281E15DBB10029107E /* CodeChallengeTests.swift */,
				C114282A1E15DBB10029107E /* Info.plist */,
			);
			path = CodeChallengeTests;
			sourceTree = "<group>";
		};
		C11428581E15DC2D0029107E /* Products */ = {
			isa = PBXGroup;
			children = (
				C114285D1E15DC2D0029107E /* CPDownloader.framework */,
				C114285F1E15DC2D0029107E /* CPDownloaderTests.xctest */,
			);
			name = Products;
			sourceTree = "<group>";
		};
		C11428781E16BD590029107E /* InstagramImages */ = {
			isa = PBXGroup;
			children = (
				C11428791E16BD590029107E /* InstagramImagesTableViewController.swift */,
				C114287A1E16BD590029107E /* Views */,
			);
			path = InstagramImages;
			sourceTree = "<group>";
		};
		C114287A1E16BD590029107E /* Views */ = {
			isa = PBXGroup;
			children = (
				C114287E1E16BDBA0029107E /* InstagramTableViewCell.swift */,
				C114287F1E16BDBA0029107E /* InstagramTableViewCell.xib */,
			);
			path = Views;
			sourceTree = "<group>";
		};
/* End PBXGroup section */

/* Begin PBXNativeTarget section */
		C114280F1E15DBB10029107E /* CodeChallenge */ = {
			isa = PBXNativeTarget;
			buildConfigurationList = C114282D1E15DBB10029107E /* Build configuration list for PBXNativeTarget "CodeChallenge" */;
			buildPhases = (
				C114280C1E15DBB10029107E /* Sources */,
				C114280D1E15DBB10029107E /* Frameworks */,
				C114280E1E15DBB10029107E /* Resources */,
			);
			buildRules = (
			);
			dependencies = (
				C11428661E15EC670029107E /* PBXTargetDependency */,
			);
			name = CodeChallenge;
			productName = CodeChallenge;
			productReference = C11428101E15DBB10029107E /* CodeChallenge.app */;
			productType = "com.apple.product-type.application";
		};
		C11428231E15DBB10029107E /* CodeChallengeTests */ = {
			isa = PBXNativeTarget;
			buildConfigurationList = C11428301E15DBB10029107E /* Build configuration list for PBXNativeTarget "CodeChallengeTests" */;
			buildPhases = (
				C11428201E15DBB10029107E /* Sources */,
				C11428211E15DBB10029107E /* Frameworks */,
				C11428221E15DBB10029107E /* Resources */,
			);
			buildRules = (
			);
			dependencies = (
				C11428261E15DBB10029107E /* PBXTargetDependency */,
			);
			name = CodeChallengeTests;
			productName = CodeChallengeTests;
			productReference = C11428241E15DBB10029107E /* CodeChallengeTests.xctest */;
			productType = "com.apple.product-type.bundle.unit-test";
		};
/* End PBXNativeTarget section */

/* Begin PBXProject section */
		C11428081E15DBB10029107E /* Project object */ = {
			isa = PBXProject;
			attributes = {
				LastSwiftUpdateCheck = 0820;
				LastUpgradeCheck = 0820;
				ORGANIZATIONNAME = coderpug;
				TargetAttributes = {
					C114280F1E15DBB10029107E = {
						CreatedOnToolsVersion = 8.2;
						DevelopmentTeam = 7QN6NJ95ZV;
						ProvisioningStyle = Manual;
					};
					C11428231E15DBB10029107E = {
						CreatedOnToolsVersion = 8.2;
						ProvisioningStyle = Automatic;
						TestTargetID = C114280F1E15DBB10029107E;
					};
				};
			};
			buildConfigurationList = C114280B1E15DBB10029107E /* Build configuration list for PBXProject "CodeChallenge" */;
			compatibilityVersion = "Xcode 3.2";
			developmentRegion = English;
			hasScannedForEncodings = 0;
			knownRegions = (
				en,
				Base,
			);
			mainGroup = C11428071E15DBB10029107E;
			productRefGroup = C11428111E15DBB10029107E /* Products */;
			projectDirPath = "";
			projectReferences = (
				{
					ProductGroup = C11428581E15DC2D0029107E /* Products */;
					ProjectRef = C11428571E15DC2D0029107E /* CPDownloader.xcodeproj */;
				},
			);
			projectRoot = "";
			targets = (
				C114280F1E15DBB10029107E /* CodeChallenge */,
				C11428231E15DBB10029107E /* CodeChallengeTests */,
			);
		};
/* End PBXProject section */

/* Begin PBXReferenceProxy section */
		C114285D1E15DC2D0029107E /* CPDownloader.framework */ = {
			isa = PBXReferenceProxy;
			fileType = wrapper.framework;
			path = CPDownloader.framework;
			remoteRef = C114285C1E15DC2D0029107E /* PBXContainerItemProxy */;
			sourceTree = BUILT_PRODUCTS_DIR;
		};
		C114285F1E15DC2D0029107E /* CPDownloaderTests.xctest */ = {
			isa = PBXReferenceProxy;
			fileType = wrapper.cfbundle;
			path = CPDownloaderTests.xctest;
			remoteRef = C114285E1E15DC2D0029107E /* PBXContainerItemProxy */;
			sourceTree = BUILT_PRODUCTS_DIR;
		};
/* End PBXReferenceProxy section */

/* Begin PBXResourcesBuildPhase section */
		C114280E1E15DBB10029107E /* Resources */ = {
			isa = PBXResourcesBuildPhase;
			buildActionMask = 2147483647;
			files = (
				C11428811E16BDBA0029107E /* InstagramTableViewCell.xib in Resources */,
				C114281E1E15DBB10029107E /* LaunchScreen.storyboard in Resources */,
				C114281B1E15DBB10029107E /* Assets.xcassets in Resources */,
				C11428191E15DBB10029107E /* Main.storyboard in Resources */,
			);
			runOnlyForDeploymentPostprocessing = 0;
		};
		C11428221E15DBB10029107E /* Resources */ = {
			isa = PBXResourcesBuildPhase;
			buildActionMask = 2147483647;
			files = (
			);
			runOnlyForDeploymentPostprocessing = 0;
		};
/* End PBXResourcesBuildPhase section */

/* Begin PBXSourcesBuildPhase section */
		C114280C1E15DBB10029107E /* Sources */ = {
			isa = PBXSourcesBuildPhase;
			buildActionMask = 2147483647;
			files = (
				C114287B1E16BD590029107E /* InstagramImagesTableViewController.swift in Sources */,
				C11428141E15DBB10029107E /* AppDelegate.swift in Sources */,
				C11428801E16BDBA0029107E /* InstagramTableViewCell.swift in Sources */,
			);
			runOnlyForDeploymentPostprocessing = 0;
		};
		C11428201E15DBB10029107E /* Sources */ = {
			isa = PBXSourcesBuildPhase;
			buildActionMask = 2147483647;
			files = (
				C11428291E15DBB10029107E /* CodeChallengeTests.swift in Sources */,
			);
			runOnlyForDeploymentPostprocessing = 0;
		};
/* End PBXSourcesBuildPhase section */

/* Begin PBXTargetDependency section */
		C11428261E15DBB10029107E /* PBXTargetDependency */ = {
			isa = PBXTargetDependency;
			target = C114280F1E15DBB10029107E /* CodeChallenge */;
			targetProxy = C11428251E15DBB10029107E /* PBXContainerItemProxy */;
		};
		C11428661E15EC670029107E /* PBXTargetDependency */ = {
			isa = PBXTargetDependency;
			name = CPDownloader;
			targetProxy = C11428651E15EC670029107E /* PBXContainerItemProxy */;
		};
/* End PBXTargetDependency section */

/* Begin PBXVariantGroup section */
		C11428171E15DBB10029107E /* Main.storyboard */ = {
			isa = PBXVariantGroup;
			children = (
				C11428181E15DBB10029107E /* Base */,
			);
			name = Main.storyboard;
			sourceTree = "<group>";
		};
		C114281C1E15DBB10029107E /* LaunchScreen.storyboard */ = {
			isa = PBXVariantGroup;
			children = (
				C114281D1E15DBB10029107E /* Base */,
			);
			name = LaunchScreen.storyboard;
			sourceTree = "<group>";
		};
/* End PBXVariantGroup section */

/* Begin XCBuildConfiguration section */
		C114282B1E15DBB10029107E /* Debug */ = {
			isa = XCBuildConfiguration;
			buildSettings = {
				ALWAYS_SEARCH_USER_PATHS = NO;
				CLANG_ANALYZER_NONNULL = YES;
				CLANG_CXX_LANGUAGE_STANDARD = "gnu++0x";
				CLANG_CXX_LIBRARY = "libc++";
				CLANG_ENABLE_MODULES = YES;
				CLANG_ENABLE_OBJC_ARC = YES;
				CLANG_WARN_BOOL_CONVERSION = YES;
				CLANG_WARN_CONSTANT_CONVERSION = YES;
				CLANG_WARN_DIRECT_OBJC_ISA_USAGE = YES_ERROR;
				CLANG_WARN_DOCUMENTATION_COMMENTS = YES;
				CLANG_WARN_EMPTY_BODY = YES;
				CLANG_WARN_ENUM_CONVERSION = YES;
				CLANG_WARN_INFINITE_RECURSION = YES;
				CLANG_WARN_INT_CONVERSION = YES;
				CLANG_WARN_OBJC_ROOT_CLASS = YES_ERROR;
				CLANG_WARN_SUSPICIOUS_MOVE = YES;
				CLANG_WARN_UNREACHABLE_CODE = YES;
				CLANG_WARN__DUPLICATE_METHOD_MATCH = YES;
				"CODE_SIGN_IDENTITY[sdk=iphoneos*]" = "iPhone Developer";
				COPY_PHASE_STRIP = NO;
				DEBUG_INFORMATION_FORMAT = dwarf;
				ENABLE_STRICT_OBJC_MSGSEND = YES;
				ENABLE_TESTABILITY = YES;
				GCC_C_LANGUAGE_STANDARD = gnu99;
				GCC_DYNAMIC_NO_PIC = NO;
				GCC_NO_COMMON_BLOCKS = YES;
				GCC_OPTIMIZATION_LEVEL = 0;
				GCC_PREPROCESSOR_DEFINITIONS = (
					"DEBUG=1",
					"$(inherited)",
				);
				GCC_WARN_64_TO_32_BIT_CONVERSION = YES;
				GCC_WARN_ABOUT_RETURN_TYPE = YES_ERROR;
				GCC_WARN_UNDECLARED_SELECTOR = YES;
				GCC_WARN_UNINITIALIZED_AUTOS = YES_AGGRESSIVE;
				GCC_WARN_UNUSED_FUNCTION = YES;
				GCC_WARN_UNUSED_VARIABLE = YES;
				IPHONEOS_DEPLOYMENT_TARGET = 8.0;
				MTL_ENABLE_DEBUG_INFO = YES;
				ONLY_ACTIVE_ARCH = YES;
				SDKROOT = iphoneos;
				SWIFT_ACTIVE_COMPILATION_CONDITIONS = DEBUG;
				SWIFT_OPTIMIZATION_LEVEL = "-Onone";
				TARGETED_DEVICE_FAMILY = "1,2";
			};
			name = Debug;
		};
		C114282C1E15DBB10029107E /* Release */ = {
			isa = XCBuildConfiguration;
			buildSettings = {
				ALWAYS_SEARCH_USER_PATHS = NO;
				CLANG_ANALYZER_NONNULL = YES;
				CLANG_CXX_LANGUAGE_STANDARD = "gnu++0x";
				CLANG_CXX_LIBRARY = "libc++";
				CLANG_ENABLE_MODULES = YES;
				CLANG_ENABLE_OBJC_ARC = YES;
				CLANG_WARN_BOOL_CONVERSION = YES;
				CLANG_WARN_CONSTANT_CONVERSION = YES;
				CLANG_WARN_DIRECT_OBJC_ISA_USAGE = YES_ERROR;
				CLANG_WARN_DOCUMENTATION_COMMENTS = YES;
				CLANG_WARN_EMPTY_BODY = YES;
				CLANG_WARN_ENUM_CONVERSION = YES;
				CLANG_WARN_INFINITE_RECURSION = YES;
				CLANG_WARN_INT_CONVERSION = YES;
				CLANG_WARN_OBJC_ROOT_CLASS = YES_ERROR;
				CLANG_WARN_SUSPICIOUS_MOVE = YES;
				CLANG_WARN_UNREACHABLE_CODE = YES;
				CLANG_WARN__DUPLICATE_METHOD_MATCH = YES;
				"CODE_SIGN_IDENTITY[sdk=iphoneos*]" = "iPhone Developer";
				COPY_PHASE_STRIP = NO;
				DEBUG_INFORMATION_FORMAT = "dwarf-with-dsym";
				ENABLE_NS_ASSERTIONS = NO;
				ENABLE_STRICT_OBJC_MSGSEND = YES;
				GCC_C_LANGUAGE_STANDARD = gnu99;
				GCC_NO_COMMON_BLOCKS = YES;
				GCC_WARN_64_TO_32_BIT_CONVERSION = YES;
				GCC_WARN_ABOUT_RETURN_TYPE = YES_ERROR;
				GCC_WARN_UNDECLARED_SELECTOR = YES;
				GCC_WARN_UNINITIALIZED_AUTOS = YES_AGGRESSIVE;
				GCC_WARN_UNUSED_FUNCTION = YES;
				GCC_WARN_UNUSED_VARIABLE = YES;
				IPHONEOS_DEPLOYMENT_TARGET = 8.0;
				MTL_ENABLE_DEBUG_INFO = NO;
				SDKROOT = iphoneos;
				SWIFT_OPTIMIZATION_LEVEL = "-Owholemodule";
				TARGETED_DEVICE_FAMILY = "1,2";
				VALIDATE_PRODUCT = YES;
			};
			name = Release;
		};
		C114282E1E15DBB10029107E /* Debug */ = {
			isa = XCBuildConfiguration;
			buildSettings = {
				ASSETCATALOG_COMPILER_APPICON_NAME = AppIcon;
				DEVELOPMENT_TEAM = 7QN6NJ95ZV;
				INFOPLIST_FILE = CodeChallenge/Info.plist;
				IPHONEOS_DEPLOYMENT_TARGET = 8.0;
				LD_RUNPATH_SEARCH_PATHS = "$(inherited) @executable_path/Frameworks";
				PRODUCT_BUNDLE_IDENTIFIER = com.coderpug.CodeChallenge;
				PRODUCT_NAME = "$(TARGET_NAME)";
				PROVISIONING_PROFILE = "a45a1dc8-9917-46af-a8de-d34d09c5cbf5";
				PROVISIONING_PROFILE_SPECIFIER = "Development Wildcard";
				SWIFT_VERSION = 3.0;
			};
			name = Debug;
		};
		C114282F1E15DBB10029107E /* Release */ = {
			isa = XCBuildConfiguration;
			buildSettings = {
				ASSETCATALOG_COMPILER_APPICON_NAME = AppIcon;
				DEVELOPMENT_TEAM = 7QN6NJ95ZV;
				INFOPLIST_FILE = CodeChallenge/Info.plist;
				IPHONEOS_DEPLOYMENT_TARGET = 8.0;
				LD_RUNPATH_SEARCH_PATHS = "$(inherited) @executable_path/Frameworks";
				PRODUCT_BUNDLE_IDENTIFIER = com.coderpug.CodeChallenge;
				PRODUCT_NAME = "$(TARGET_NAME)";
				PROVISIONING_PROFILE = "a45a1dc8-9917-46af-a8de-d34d09c5cbf5";
				PROVISIONING_PROFILE_SPECIFIER = "Development Wildcard";
				SWIFT_VERSION = 3.0;
			};
			name = Release;
		};
		C11428311E15DBB10029107E /* Debug */ = {
			isa = XCBuildConfiguration;
			buildSettings = {
				ALWAYS_EMBED_SWIFT_STANDARD_LIBRARIES = YES;
				BUNDLE_LOADER = "$(TEST_HOST)";
				INFOPLIST_FILE = CodeChallengeTests/Info.plist;
				LD_RUNPATH_SEARCH_PATHS = "$(inherited) @executable_path/Frameworks @loader_path/Frameworks";
				PRODUCT_BUNDLE_IDENTIFIER = com.coderpug.CodeChallengeTests;
				PRODUCT_NAME = "$(TARGET_NAME)";
				SWIFT_VERSION = 3.0;
				TEST_HOST = "$(BUILT_PRODUCTS_DIR)/CodeChallenge.app/CodeChallenge";
			};
			name = Debug;
		};
		C11428321E15DBB10029107E /* Release */ = {
			isa = XCBuildConfiguration;
			buildSettings = {
				ALWAYS_EMBED_SWIFT_STANDARD_LIBRARIES = YES;
				BUNDLE_LOADER = "$(TEST_HOST)";
				INFOPLIST_FILE = CodeChallengeTests/Info.plist;
				LD_RUNPATH_SEARCH_PATHS = "$(inherited) @executable_path/Frameworks @loader_path/Frameworks";
				PRODUCT_BUNDLE_IDENTIFIER = com.coderpug.CodeChallengeTests;
				PRODUCT_NAME = "$(TARGET_NAME)";
				SWIFT_VERSION = 3.0;
				TEST_HOST = "$(BUILT_PRODUCTS_DIR)/CodeChallenge.app/CodeChallenge";
			};
			name = Release;
		};
/* End XCBuildConfiguration section */

/* Begin XCConfigurationList section */
		C114280B1E15DBB10029107E /* Build configuration list for PBXProject "CodeChallenge" */ = {
			isa = XCConfigurationList;
			buildConfigurations = (
				C114282B1E15DBB10029107E /* Debug */,
				C114282C1E15DBB10029107E /* Release */,
			);
			defaultConfigurationIsVisible = 0;
			defaultConfigurationName = Release;
		};
		C114282D1E15DBB10029107E /* Build configuration list for PBXNativeTarget "CodeChallenge" */ = {
			isa = XCConfigurationList;
			buildConfigurations = (
				C114282E1E15DBB10029107E /* Debug */,
				C114282F1E15DBB10029107E /* Release */,
			);
			defaultConfigurationIsVisible = 0;
		};
		C11428301E15DBB10029107E /* Build configuration list for PBXNativeTarget "CodeChallengeTests" */ = {
			isa = XCConfigurationList;
			buildConfigurations = (
				C11428311E15DBB10029107E /* Debug */,
				C11428321E15DBB10029107E /* Release */,
			);
			defaultConfigurationIsVisible = 0;
		};
/* End XCConfigurationList section */
	};
	rootObject = C11428081E15DBB10029107E /* Project object */;
}
