// !$*UTF8*$!
{
	archiveVersion = 1;
	classes = {
	};
	objectVersion = 46;
	objects = {

/* Begin PBXBuildFile section */
		C11428471E15DC190029107E /* CPDownloader.framework in Frameworks */ = {isa = PBXBuildFile; fileRef = C114283D1E15DC190029107E /* CPDownloader.framework */; };
		C114284C1E15DC190029107E /* DownloadManagerTest.swift in Sources */ = {isa = PBXBuildFile; fileRef = C114284B1E15DC190029107E /* DownloadManagerTest.swift */; };
		C114284E1E15DC190029107E /* CPDownloader.h in Headers */ = {isa = PBXBuildFile; fileRef = C11428401E15DC190029107E /* CPDownloader.h */; settings = {ATTRIBUTES = (Public, ); }; };
		C11428611E15DDAE0029107E /* CPDownloader.swift in Sources */ = {isa = PBXBuildFile; fileRef = C11428601E15DDAE0029107E /* CPDownloader.swift */; };
		C11428641E15DE590029107E /* DownloadManager.swift in Sources */ = {isa = PBXBuildFile; fileRef = C11428631E15DE590029107E /* DownloadManager.swift */; };
		C11428691E15FDDD0029107E /* DownloadOperations.swift in Sources */ = {isa = PBXBuildFile; fileRef = C11428681E15FDDD0029107E /* DownloadOperations.swift */; };
		C114286B1E1602820029107E /* DownloadOperationsTest.swift in Sources */ = {isa = PBXBuildFile; fileRef = C114286A1E1602820029107E /* DownloadOperationsTest.swift */; };
		C114286D1E160F2A0029107E /* CPDownloaderTest.swift in Sources */ = {isa = PBXBuildFile; fileRef = C114286C1E160F2A0029107E /* CPDownloaderTest.swift */; };
		C114286F1E1617010029107E /* UIImageView+CPDownloader.swift in Sources */ = {isa = PBXBuildFile; fileRef = C114286E1E1617010029107E /* UIImageView+CPDownloader.swift */; };
/* End PBXBuildFile section */

/* Begin PBXContainerItemProxy section */
		C11428481E15DC190029107E /* PBXContainerItemProxy */ = {
			isa = PBXContainerItemProxy;
			containerPortal = C11428341E15DC190029107E /* Project object */;
			proxyType = 1;
			remoteGlobalIDString = C114283C1E15DC190029107E;
			remoteInfo = CPDownloader;
		};
/* End PBXContainerItemProxy section */

/* Begin PBXFileReference section */
		C114283D1E15DC190029107E /* CPDownloader.framework */ = {isa = PBXFileReference; explicitFileType = wrapper.framework; includeInIndex = 0; path = CPDownloader.framework; sourceTree = BUILT_PRODUCTS_DIR; };
		C11428401E15DC190029107E /* CPDownloader.h */ = {isa = PBXFileReference; lastKnownFileType = sourcecode.c.h; path = CPDownloader.h; sourceTree = "<group>"; };
		C11428411E15DC190029107E /* Info.plist */ = {isa = PBXFileReference; lastKnownFileType = text.plist.xml; path = Info.plist; sourceTree = "<group>"; };
		C11428461E15DC190029107E /* CPDownloaderTests.xctest */ = {isa = PBXFileReference; explicitFileType = wrapper.cfbundle; includeInIndex = 0; path = CPDownloaderTests.xctest; sourceTree = BUILT_PRODUCTS_DIR; };
		C114284B1E15DC190029107E /* DownloadManagerTest.swift */ = {isa = PBXFileReference; lastKnownFileType = sourcecode.swift; path = DownloadManagerTest.swift; sourceTree = "<group>"; };
		C114284D1E15DC190029107E /* Info.plist */ = {isa = PBXFileReference; lastKnownFileType = text.plist.xml; path = Info.plist; sourceTree = "<group>"; };
		C11428601E15DDAE0029107E /* CPDownloader.swift */ = {isa = PBXFileReference; fileEncoding = 4; lastKnownFileType = sourcecode.swift; path = CPDownloader.swift; sourceTree = "<group>"; };
		C11428631E15DE590029107E /* DownloadManager.swift */ = {isa = PBXFileReference; fileEncoding = 4; lastKnownFileType = sourcecode.swift; path = DownloadManager.swift; sourceTree = "<group>"; };
		C11428681E15FDDD0029107E /* DownloadOperations.swift */ = {isa = PBXFileReference; fileEncoding = 4; lastKnownFileType = sourcecode.swift; path = DownloadOperations.swift; sourceTree = "<group>"; };
		C114286A1E1602820029107E /* DownloadOperationsTest.swift */ = {isa = PBXFileReference; fileEncoding = 4; lastKnownFileType = sourcecode.swift; path = DownloadOperationsTest.swift; sourceTree = "<group>"; };
		C114286C1E160F2A0029107E /* CPDownloaderTest.swift */ = {isa = PBXFileReference; fileEncoding = 4; lastKnownFileType = sourcecode.swift; path = CPDownloaderTest.swift; sourceTree = "<group>"; };
		C114286E1E1617010029107E /* UIImageView+CPDownloader.swift */ = {isa = PBXFileReference; fileEncoding = 4; lastKnownFileType = sourcecode.swift; path = "UIImageView+CPDownloader.swift"; sourceTree = "<group>"; };
/* End PBXFileReference section */

/* Begin PBXFrameworksBuildPhase section */
		C11428391E15DC190029107E /* Frameworks */ = {
			isa = PBXFrameworksBuildPhase;
			buildActionMask = 2147483647;
			files = (
			);
			runOnlyForDeploymentPostprocessing = 0;
		};
		C11428431E15DC190029107E /* Frameworks */ = {
			isa = PBXFrameworksBuildPhase;
			buildActionMask = 2147483647;
			files = (
				C11428471E15DC190029107E /* CPDownloader.framework in Frameworks */,
			);
			runOnlyForDeploymentPostprocessing = 0;
		};
/* End PBXFrameworksBuildPhase section */

/* Begin PBXGroup section */
		C11428331E15DC190029107E = {
			isa = PBXGroup;
			children = (
				C114283F1E15DC190029107E /* CPDownloader */,
				C114284A1E15DC190029107E /* CPDownloaderTests */,
				C114283E1E15DC190029107E /* Products */,
			);
			sourceTree = "<group>";
		};
		C114283E1E15DC190029107E /* Products */ = {
			isa = PBXGroup;
			children = (
				C114283D1E15DC190029107E /* CPDownloader.framework */,
				C11428461E15DC190029107E /* CPDownloaderTests.xctest */,
			);
			name = Products;
			sourceTree = "<group>";
		};
		C114283F1E15DC190029107E /* CPDownloader */ = {
			isa = PBXGroup;
			children = (
				C11428601E15DDAE0029107E /* CPDownloader.swift */,
				C114286E1E1617010029107E /* UIImageView+CPDownloader.swift */,
				C11428621E15DE4E0029107E /* DownloadManager */,
				C11428401E15DC190029107E /* CPDownloader.h */,
				C11428411E15DC190029107E /* Info.plist */,
			);
			path = CPDownloader;
			sourceTree = "<group>";
		};
		C114284A1E15DC190029107E /* CPDownloaderTests */ = {
			isa = PBXGroup;
			children = (
				C114286C1E160F2A0029107E /* CPDownloaderTest.swift */,
				C114284B1E15DC190029107E /* DownloadManagerTest.swift */,
				C114286A1E1602820029107E /* DownloadOperationsTest.swift */,
				C114284D1E15DC190029107E /* Info.plist */,
			);
			path = CPDownloaderTests;
			sourceTree = "<group>";
		};
		C11428621E15DE4E0029107E /* DownloadManager */ = {
			isa = PBXGroup;
			children = (
				C11428631E15DE590029107E /* DownloadManager.swift */,
				C11428681E15FDDD0029107E /* DownloadOperations.swift */,
			);
			path = DownloadManager;
			sourceTree = "<group>";
		};
/* End PBXGroup section */

/* Begin PBXHeadersBuildPhase section */
		C114283A1E15DC190029107E /* Headers */ = {
			isa = PBXHeadersBuildPhase;
			buildActionMask = 2147483647;
			files = (
				C114284E1E15DC190029107E /* CPDownloader.h in Headers */,
			);
			runOnlyForDeploymentPostprocessing = 0;
		};
/* End PBXHeadersBuildPhase section */

/* Begin PBXNativeTarget section */
		C114283C1E15DC190029107E /* CPDownloader */ = {
			isa = PBXNativeTarget;
			buildConfigurationList = C11428511E15DC190029107E /* Build configuration list for PBXNativeTarget "CPDownloader" */;
			buildPhases = (
				C11428381E15DC190029107E /* Sources */,
				C11428391E15DC190029107E /* Frameworks */,
				C114283A1E15DC190029107E /* Headers */,
				C114283B1E15DC190029107E /* Resources */,
			);
			buildRules = (
			);
			dependencies = (
			);
			name = CPDownloader;
			productName = CPDownloader;
			productReference = C114283D1E15DC190029107E /* CPDownloader.framework */;
			productType = "com.apple.product-type.framework";
		};
		C11428451E15DC190029107E /* CPDownloaderTests */ = {
			isa = PBXNativeTarget;
			buildConfigurationList = C11428541E15DC190029107E /* Build configuration list for PBXNativeTarget "CPDownloaderTests" */;
			buildPhases = (
				C11428421E15DC190029107E /* Sources */,
				C11428431E15DC190029107E /* Frameworks */,
				C11428441E15DC190029107E /* Resources */,
			);
			buildRules = (
			);
			dependencies = (
				C11428491E15DC190029107E /* PBXTargetDependency */,
			);
			name = CPDownloaderTests;
			productName = CPDownloaderTests;
			productReference = C11428461E15DC190029107E /* CPDownloaderTests.xctest */;
			productType = "com.apple.product-type.bundle.unit-test";
		};
/* End PBXNativeTarget section */

/* Begin PBXProject section */
		C11428341E15DC190029107E /* Project object */ = {
			isa = PBXProject;
			attributes = {
				LastSwiftUpdateCheck = 0820;
				LastUpgradeCheck = 0820;
				ORGANIZATIONNAME = coderpug;
				TargetAttributes = {
					C114283C1E15DC190029107E = {
						CreatedOnToolsVersion = 8.2;
						DevelopmentTeam = MYCBG3H474;
						LastSwiftMigration = 0820;
						ProvisioningStyle = Manual;
					};
					C11428451E15DC190029107E = {
						CreatedOnToolsVersion = 8.2;
						ProvisioningStyle = Automatic;
					};
				};
			};
			buildConfigurationList = C11428371E15DC190029107E /* Build configuration list for PBXProject "CPDownloader" */;
			compatibilityVersion = "Xcode 3.2";
			developmentRegion = English;
			hasScannedForEncodings = 0;
			knownRegions = (
				en,
			);
			mainGroup = C11428331E15DC190029107E;
			productRefGroup = C114283E1E15DC190029107E /* Products */;
			projectDirPath = "";
			projectRoot = "";
			targets = (
				C114283C1E15DC190029107E /* CPDownloader */,
				C11428451E15DC190029107E /* CPDownloaderTests */,
			);
		};
/* End PBXProject section */

/* Begin PBXResourcesBuildPhase section */
		C114283B1E15DC190029107E /* Resources */ = {
			isa = PBXResourcesBuildPhase;
			buildActionMask = 2147483647;
			files = (
			);
			runOnlyForDeploymentPostprocessing = 0;
		};
		C11428441E15DC190029107E /* Resources */ = {
			isa = PBXResourcesBuildPhase;
			buildActionMask = 2147483647;
			files = (
			);
			runOnlyForDeploymentPostprocessing = 0;
		};
/* End PBXResourcesBuildPhase section */

/* Begin PBXSourcesBuildPhase section */
		C11428381E15DC190029107E /* Sources */ = {
			isa = PBXSourcesBuildPhase;
			buildActionMask = 2147483647;
			files = (
				C11428611E15DDAE0029107E /* CPDownloader.swift in Sources */,
				C11428691E15FDDD0029107E /* DownloadOperations.swift in Sources */,
				C114286F1E1617010029107E /* UIImageView+CPDownloader.swift in Sources */,
				C11428641E15DE590029107E /* DownloadManager.swift in Sources */,
			);
			runOnlyForDeploymentPostprocessing = 0;
		};
		C11428421E15DC190029107E /* Sources */ = {
			isa = PBXSourcesBuildPhase;
			buildActionMask = 2147483647;
			files = (
				C114284C1E15DC190029107E /* DownloadManagerTest.swift in Sources */,
				C114286B1E1602820029107E /* DownloadOperationsTest.swift in Sources */,
				C114286D1E160F2A0029107E /* CPDownloaderTest.swift in Sources */,
			);
			runOnlyForDeploymentPostprocessing = 0;
		};
/* End PBXSourcesBuildPhase section */

/* Begin PBXTargetDependency section */
		C11428491E15DC190029107E /* PBXTargetDependency */ = {
			isa = PBXTargetDependency;
			target = C114283C1E15DC190029107E /* CPDownloader */;
			targetProxy = C11428481E15DC190029107E /* PBXContainerItemProxy */;
		};
/* End PBXTargetDependency section */

/* Begin XCBuildConfiguration section */
		C114284F1E15DC190029107E /* Debug */ = {
			isa = XCBuildConfiguration;
			buildSettings = {
				ALWAYS_SEARCH_USER_PATHS = NO;
				CLANG_ANALYZER_NONNULL = YES;
				CLANG_CXX_LANGUAGE_STANDARD = "gnu++0x";
				CLANG_CXX_LIBRARY = "libc++";
				CLANG_ENABLE_MODULES = YES;
				CLANG_ENABLE_OBJC_ARC = YES;
				CLANG_WARN_BOOL_CONVERSION = YES;
				CLANG_WARN_CONSTANT_CONVERSION = YES;
				CLANG_WARN_DIRECT_OBJC_ISA_USAGE = YES_ERROR;
				CLANG_WARN_DOCUMENTATION_COMMENTS = YES;
				CLANG_WARN_EMPTY_BODY = YES;
				CLANG_WARN_ENUM_CONVERSION = YES;
				CLANG_WARN_INFINITE_RECURSION = YES;
				CLANG_WARN_INT_CONVERSION = YES;
				CLANG_WARN_OBJC_ROOT_CLASS = YES_ERROR;
				CLANG_WARN_SUSPICIOUS_MOVE = YES;
				CLANG_WARN_UNREACHABLE_CODE = YES;
				CLANG_WARN__DUPLICATE_METHOD_MATCH = YES;
				"CODE_SIGN_IDENTITY[sdk=iphoneos*]" = "iPhone Developer";
				COPY_PHASE_STRIP = NO;
				CURRENT_PROJECT_VERSION = 1;
				DEBUG_INFORMATION_FORMAT = dwarf;
				ENABLE_STRICT_OBJC_MSGSEND = YES;
				ENABLE_TESTABILITY = YES;
				GCC_C_LANGUAGE_STANDARD = gnu99;
				GCC_DYNAMIC_NO_PIC = NO;
				GCC_NO_COMMON_BLOCKS = YES;
				GCC_OPTIMIZATION_LEVEL = 0;
				GCC_PREPROCESSOR_DEFINITIONS = (
					"DEBUG=1",
					"$(inherited)",
				);
				GCC_WARN_64_TO_32_BIT_CONVERSION = YES;
				GCC_WARN_ABOUT_RETURN_TYPE = YES_ERROR;
				GCC_WARN_UNDECLARED_SELECTOR = YES;
				GCC_WARN_UNINITIALIZED_AUTOS = YES_AGGRESSIVE;
				GCC_WARN_UNUSED_FUNCTION = YES;
				GCC_WARN_UNUSED_VARIABLE = YES;
				IPHONEOS_DEPLOYMENT_TARGET = 8.0;
				MTL_ENABLE_DEBUG_INFO = YES;
				ONLY_ACTIVE_ARCH = YES;
				SDKROOT = iphoneos;
				SWIFT_ACTIVE_COMPILATION_CONDITIONS = DEBUG;
				SWIFT_OPTIMIZATION_LEVEL = "-Onone";
				TARGETED_DEVICE_FAMILY = "1,2";
				VERSIONING_SYSTEM = "apple-generic";
				VERSION_INFO_PREFIX = "";
			};
			name = Debug;
		};
		C11428501E15DC190029107E /* Release */ = {
			isa = XCBuildConfiguration;
			buildSettings = {
				ALWAYS_SEARCH_USER_PATHS = NO;
				CLANG_ANALYZER_NONNULL = YES;
				CLANG_CXX_LANGUAGE_STANDARD = "gnu++0x";
				CLANG_CXX_LIBRARY = "libc++";
				CLANG_ENABLE_MODULES = YES;
				CLANG_ENABLE_OBJC_ARC = YES;
				CLANG_WARN_BOOL_CONVERSION = YES;
				CLANG_WARN_CONSTANT_CONVERSION = YES;
				CLANG_WARN_DIRECT_OBJC_ISA_USAGE = YES_ERROR;
				CLANG_WARN_DOCUMENTATION_COMMENTS = YES;
				CLANG_WARN_EMPTY_BODY = YES;
				CLANG_WARN_ENUM_CONVERSION = YES;
				CLANG_WARN_INFINITE_RECURSION = YES;
				CLANG_WARN_INT_CONVERSION = YES;
				CLANG_WARN_OBJC_ROOT_CLASS = YES_ERROR;
				CLANG_WARN_SUSPICIOUS_MOVE = YES;
				CLANG_WARN_UNREACHABLE_CODE = YES;
				CLANG_WARN__DUPLICATE_METHOD_MATCH = YES;
				"CODE_SIGN_IDENTITY[sdk=iphoneos*]" = "iPhone Developer";
				COPY_PHASE_STRIP = NO;
				CURRENT_PROJECT_VERSION = 1;
				DEBUG_INFORMATION_FORMAT = "dwarf-with-dsym";
				ENABLE_NS_ASSERTIONS = NO;
				ENABLE_STRICT_OBJC_MSGSEND = YES;
				GCC_C_LANGUAGE_STANDARD = gnu99;
				GCC_NO_COMMON_BLOCKS = YES;
				GCC_WARN_64_TO_32_BIT_CONVERSION = YES;
				GCC_WARN_ABOUT_RETURN_TYPE = YES_ERROR;
				GCC_WARN_UNDECLARED_SELECTOR = YES;
				GCC_WARN_UNINITIALIZED_AUTOS = YES_AGGRESSIVE;
				GCC_WARN_UNUSED_FUNCTION = YES;
				GCC_WARN_UNUSED_VARIABLE = YES;
				IPHONEOS_DEPLOYMENT_TARGET = 8.0;
				MTL_ENABLE_DEBUG_INFO = NO;
				SDKROOT = iphoneos;
				SWIFT_OPTIMIZATION_LEVEL = "-Owholemodule";
				TARGETED_DEVICE_FAMILY = "1,2";
				VALIDATE_PRODUCT = YES;
				VERSIONING_SYSTEM = "apple-generic";
				VERSION_INFO_PREFIX = "";
			};
			name = Release;
		};
		C11428521E15DC190029107E /* Debug */ = {
			isa = XCBuildConfiguration;
			buildSettings = {
				CLANG_ENABLE_MODULES = YES;
				CODE_SIGN_IDENTITY = "";
				"CODE_SIGN_IDENTITY[sdk=iphoneos*]" = "iPhone Developer";
				DEFINES_MODULE = YES;
				DEVELOPMENT_TEAM = MYCBG3H474;
				DYLIB_COMPATIBILITY_VERSION = 1;
				DYLIB_CURRENT_VERSION = 1;
				DYLIB_INSTALL_NAME_BASE = "@rpath";
				INFOPLIST_FILE = CPDownloader/Info.plist;
				INSTALL_PATH = "$(LOCAL_LIBRARY_DIR)/Frameworks";
				LD_RUNPATH_SEARCH_PATHS = "$(inherited) @executable_path/Frameworks @loader_path/Frameworks";
				PRODUCT_BUNDLE_IDENTIFIER = com.coderpug.CPDownloader;
				PRODUCT_NAME = "$(TARGET_NAME)";
				SKIP_INSTALL = YES;
				SWIFT_OPTIMIZATION_LEVEL = "-Onone";
				SWIFT_VERSION = 3.0;
			};
			name = Debug;
		};
		C11428531E15DC190029107E /* Release */ = {
			isa = XCBuildConfiguration;
			buildSettings = {
				CLANG_ENABLE_MODULES = YES;
				CODE_SIGN_IDENTITY = "";
				"CODE_SIGN_IDENTITY[sdk=iphoneos*]" = "iPhone Developer";
				DEFINES_MODULE = YES;
				DEVELOPMENT_TEAM = MYCBG3H474;
				DYLIB_COMPATIBILITY_VERSION = 1;
				DYLIB_CURRENT_VERSION = 1;
				DYLIB_INSTALL_NAME_BASE = "@rpath";
				INFOPLIST_FILE = CPDownloader/Info.plist;
				INSTALL_PATH = "$(LOCAL_LIBRARY_DIR)/Frameworks";
				LD_RUNPATH_SEARCH_PATHS = "$(inherited) @executable_path/Frameworks @loader_path/Frameworks";
				PRODUCT_BUNDLE_IDENTIFIER = com.coderpug.CPDownloader;
				PRODUCT_NAME = "$(TARGET_NAME)";
				SKIP_INSTALL = YES;
				SWIFT_VERSION = 3.0;
			};
			name = Release;
		};
		C11428551E15DC190029107E /* Debug */ = {
			isa = XCBuildConfiguration;
			buildSettings = {
				ALWAYS_EMBED_SWIFT_STANDARD_LIBRARIES = YES;
				INFOPLIST_FILE = CPDownloaderTests/Info.plist;
				LD_RUNPATH_SEARCH_PATHS = "$(inherited) @executable_path/Frameworks @loader_path/Frameworks";
				PRODUCT_BUNDLE_IDENTIFIER = com.coderpug.CPDownloaderTests;
				PRODUCT_NAME = "$(TARGET_NAME)";
				SWIFT_VERSION = 3.0;
			};
			name = Debug;
		};
		C11428561E15DC190029107E /* Release */ = {
			isa = XCBuildConfiguration;
			buildSettings = {
				ALWAYS_EMBED_SWIFT_STANDARD_LIBRARIES = YES;
				INFOPLIST_FILE = CPDownloaderTests/Info.plist;
				LD_RUNPATH_SEARCH_PATHS = "$(inherited) @executable_path/Frameworks @loader_path/Frameworks";
				PRODUCT_BUNDLE_IDENTIFIER = com.coderpug.CPDownloaderTests;
				PRODUCT_NAME = "$(TARGET_NAME)";
				SWIFT_VERSION = 3.0;
			};
			name = Release;
		};
/* End XCBuildConfiguration section */

/* Begin XCConfigurationList section */
		C11428371E15DC190029107E /* Build configuration list for PBXProject "CPDownloader" */ = {
			isa = XCConfigurationList;
			buildConfigurations = (
				C114284F1E15DC190029107E /* Debug */,
				C11428501E15DC190029107E /* Release */,
			);
			defaultConfigurationIsVisible = 0;
			defaultConfigurationName = Release;
		};
		C11428511E15DC190029107E /* Build configuration list for PBXNativeTarget "CPDownloader" */ = {
			isa = XCConfigurationList;
			buildConfigurations = (
				C11428521E15DC190029107E /* Debug */,
				C11428531E15DC190029107E /* Release */,
			);
			defaultConfigurationIsVisible = 0;
			defaultConfigurationName = Release;
		};
		C11428541E15DC190029107E /* Build configuration list for PBXNativeTarget "CPDownloaderTests" */ = {
			isa = XCConfigurationList;
			buildConfigurations = (
				C11428551E15DC190029107E /* Debug */,
				C11428561E15DC190029107E /* Release */,
			);
			defaultConfigurationIsVisible = 0;
			defaultConfigurationName = Release;
		};
/* End XCConfigurationList section */
	};
	rootObject = C11428341E15DC190029107E /* Project object */;
}
